
Microsoft Visual Studio Solution File, Format Version 12.00
# Visual Studio 15
VisualStudioVersion = 15.0.27130.2010
MinimumVisualStudioVersion = 10.0.40219.1
Project("{8BC9CEB8-8B4A-11D0-8D11-00A0C91BC942}") = "WinComm", "Libs\Comm\WinComm\WinComm.vcxproj", "{0485CBA5-B7BF-4FAD-BFC7-0094CB45961E}"
EndProject
Project("{8BC9CEB8-8B4A-11D0-8D11-00A0C91BC942}") = "WinCommLib", "Libs\Comm\WinCommLib\WinCommLib.vcxproj", "{DE6D6042-8A09-4A29-94FC-8DC96CAAF544}"
EndProject
Project("{888888A0-9F3D-457C-B088-3A5042F75D52}") = "PyScripts", "Libs\PyScripts\PyScripts.pyproj", "{E48101CD-2C17-4725-9784-26790BAF25BA}"
EndProject
Project("{8BC9CEB8-8B4A-11D0-8D11-00A0C91BC942}") = "WinCommEchoTest", "Libs\Comm\WinCommEchoTest\WinCommEchoTest.vcxproj", "{1F221BF6-0FF0-4D4B-AC63-A9C8C5F55CCE}"
EndProject
Project("{8BC9CEB8-8B4A-11D0-8D11-00A0C91BC942}") = "BME280Demo", "BME280Demo\BME280Demo.vcxproj", "{74B04888-9EBB-4B87-862C-945A24613CB8}"
EndProject
Project("{8BC9CEB8-8B4A-11D0-8D11-00A0C91BC942}") = "IO32RaspberryPiHost", "Libs\HAL\IO32RaspberryPiHost\IO32RaspberryPiHost.vcxproj", "{E49EFE7C-650F-4DB5-9DE1-DF72CC5DA9FE}"
EndProject
Global
	GlobalSection(SolutionConfigurationPlatforms) = preSolution
		Debug|Any CPU = Debug|Any CPU
		Debug|ARM = Debug|ARM
		Debug|x64 = Debug|x64
		Debug|x86 = Debug|x86
		Release|Any CPU = Release|Any CPU
		Release|ARM = Release|ARM
		Release|x64 = Release|x64
		Release|x86 = Release|x86
	EndGlobalSection
	GlobalSection(ProjectConfigurationPlatforms) = postSolution
		{0485CBA5-B7BF-4FAD-BFC7-0094CB45961E}.Debug|Any CPU.ActiveCfg = Debug|Win32
		{0485CBA5-B7BF-4FAD-BFC7-0094CB45961E}.Debug|ARM.ActiveCfg = Debug|Win32
		{0485CBA5-B7BF-4FAD-BFC7-0094CB45961E}.Debug|x64.ActiveCfg = Debug|x64
		{0485CBA5-B7BF-4FAD-BFC7-0094CB45961E}.Debug|x64.Build.0 = Debug|x64
		{0485CBA5-B7BF-4FAD-BFC7-0094CB45961E}.Debug|x86.ActiveCfg = Debug|Win32
		{0485CBA5-B7BF-4FAD-BFC7-0094CB45961E}.Debug|x86.Build.0 = Debug|Win32
		{0485CBA5-B7BF-4FAD-BFC7-0094CB45961E}.Release|Any CPU.ActiveCfg = Release|Win32
		{0485CBA5-B7BF-4FAD-BFC7-0094CB45961E}.Release|ARM.ActiveCfg = Release|Win32
		{0485CBA5-B7BF-4FAD-BFC7-0094CB45961E}.Release|x64.ActiveCfg = Release|x64
		{0485CBA5-B7BF-4FAD-BFC7-0094CB45961E}.Release|x64.Build.0 = Release|x64
		{0485CBA5-B7BF-4FAD-BFC7-0094CB45961E}.Release|x86.ActiveCfg = Release|Win32
		{0485CBA5-B7BF-4FAD-BFC7-0094CB45961E}.Release|x86.Build.0 = Release|Win32
		{DE6D6042-8A09-4A29-94FC-8DC96CAAF544}.Debug|Any CPU.ActiveCfg = Debug|Win32
		{DE6D6042-8A09-4A29-94FC-8DC96CAAF544}.Debug|ARM.ActiveCfg = Debug|Win32
		{DE6D6042-8A09-4A29-94FC-8DC96CAAF544}.Debug|x64.ActiveCfg = Debug|x64
		{DE6D6042-8A09-4A29-94FC-8DC96CAAF544}.Debug|x64.Build.0 = Debug|x64
		{DE6D6042-8A09-4A29-94FC-8DC96CAAF544}.Debug|x86.ActiveCfg = Debug|Win32
		{DE6D6042-8A09-4A29-94FC-8DC96CAAF544}.Debug|x86.Build.0 = Debug|Win32
		{DE6D6042-8A09-4A29-94FC-8DC96CAAF544}.Release|Any CPU.ActiveCfg = Release|Win32
		{DE6D6042-8A09-4A29-94FC-8DC96CAAF544}.Release|ARM.ActiveCfg = Release|Win32
		{DE6D6042-8A09-4A29-94FC-8DC96CAAF544}.Release|x64.ActiveCfg = Release|x64
		{DE6D6042-8A09-4A29-94FC-8DC96CAAF544}.Release|x64.Build.0 = Release|x64
		{DE6D6042-8A09-4A29-94FC-8DC96CAAF544}.Release|x86.ActiveCfg = Release|Win32
		{DE6D6042-8A09-4A29-94FC-8DC96CAAF544}.Release|x86.Build.0 = Release|Win32
		{E48101CD-2C17-4725-9784-26790BAF25BA}.Debug|Any CPU.ActiveCfg = Debug|Any CPU
		{E48101CD-2C17-4725-9784-26790BAF25BA}.Debug|ARM.ActiveCfg = Debug|Any CPU
		{E48101CD-2C17-4725-9784-26790BAF25BA}.Debug|x64.ActiveCfg = Debug|Any CPU
		{E48101CD-2C17-4725-9784-26790BAF25BA}.Debug|x86.ActiveCfg = Debug|Any CPU
		{E48101CD-2C17-4725-9784-26790BAF25BA}.Release|Any CPU.ActiveCfg = Release|Any CPU
		{E48101CD-2C17-4725-9784-26790BAF25BA}.Release|ARM.ActiveCfg = Release|Any CPU
		{E48101CD-2C17-4725-9784-26790BAF25BA}.Release|x64.ActiveCfg = Release|Any CPU
		{E48101CD-2C17-4725-9784-26790BAF25BA}.Release|x86.ActiveCfg = Release|Any CPU
		{1F221BF6-0FF0-4D4B-AC63-A9C8C5F55CCE}.Debug|Any CPU.ActiveCfg = Debug|Win32
		{1F221BF6-0FF0-4D4B-AC63-A9C8C5F55CCE}.Debug|ARM.ActiveCfg = Debug|Win32
		{1F221BF6-0FF0-4D4B-AC63-A9C8C5F55CCE}.Debug|x64.ActiveCfg = Debug|x64
		{1F221BF6-0FF0-4D4B-AC63-A9C8C5F55CCE}.Debug|x64.Build.0 = Debug|x64
		{1F221BF6-0FF0-4D4B-AC63-A9C8C5F55CCE}.Debug|x64.Deploy.0 = Debug|x64
		{1F221BF6-0FF0-4D4B-AC63-A9C8C5F55CCE}.Debug|x86.ActiveCfg = Debug|Win32
		{1F221BF6-0FF0-4D4B-AC63-A9C8C5F55CCE}.Debug|x86.Build.0 = Debug|Win32
		{1F221BF6-0FF0-4D4B-AC63-A9C8C5F55CCE}.Debug|x86.Deploy.0 = Debug|Win32
		{1F221BF6-0FF0-4D4B-AC63-A9C8C5F55CCE}.Release|Any CPU.ActiveCfg = Release|Win32
		{1F221BF6-0FF0-4D4B-AC63-A9C8C5F55CCE}.Release|ARM.ActiveCfg = Release|Win32
		{1F221BF6-0FF0-4D4B-AC63-A9C8C5F55CCE}.Release|x64.ActiveCfg = Release|x64
		{1F221BF6-0FF0-4D4B-AC63-A9C8C5F55CCE}.Release|x64.Build.0 = Release|x64
		{1F221BF6-0FF0-4D4B-AC63-A9C8C5F55CCE}.Release|x64.Deploy.0 = Release|x64
		{1F221BF6-0FF0-4D4B-AC63-A9C8C5F55CCE}.Release|x86.ActiveCfg = Release|Win32
		{1F221BF6-0FF0-4D4B-AC63-A9C8C5F55CCE}.Release|x86.Build.0 = Release|Win32
		{1F221BF6-0FF0-4D4B-AC63-A9C8C5F55CCE}.Release|x86.Deploy.0 = Release|Win32
		{74B04888-9EBB-4B87-862C-945A24613CB8}.Debug|Any CPU.ActiveCfg = Debug|Win32
		{74B04888-9EBB-4B87-862C-945A24613CB8}.Debug|ARM.ActiveCfg = Debug|Win32
		{74B04888-9EBB-4B87-862C-945A24613CB8}.Debug|x64.ActiveCfg = Debug|x64
		{74B04888-9EBB-4B87-862C-945A24613CB8}.Debug|x64.Build.0 = Debug|x64
		{74B04888-9EBB-4B87-862C-945A24613CB8}.Debug|x86.ActiveCfg = Debug|Win32
		{74B04888-9EBB-4B87-862C-945A24613CB8}.Debug|x86.Build.0 = Debug|Win32
		{74B04888-9EBB-4B87-862C-945A24613CB8}.Release|Any CPU.ActiveCfg = Release|Win32
		{74B04888-9EBB-4B87-862C-945A24613CB8}.Release|ARM.ActiveCfg = Release|Win32
		{74B04888-9EBB-4B87-862C-945A24613CB8}.Release|x64.ActiveCfg = Release|x64
		{74B04888-9EBB-4B87-862C-945A24613CB8}.Release|x64.Build.0 = Release|x64
		{74B04888-9EBB-4B87-862C-945A24613CB8}.Release|x86.ActiveCfg = Release|Win32
		{74B04888-9EBB-4B87-862C-945A24613CB8}.Release|x86.Build.0 = Release|Win32
		{E49EFE7C-650F-4DB5-9DE1-DF72CC5DA9FE}.Debug|Any CPU.ActiveCfg = Debug|ARM
		{E49EFE7C-650F-4DB5-9DE1-DF72CC5DA9FE}.Debug|ARM.ActiveCfg = Debug|ARM
		{E49EFE7C-650F-4DB5-9DE1-DF72CC5DA9FE}.Debug|ARM.Build.0 = Debug|ARM
		{E49EFE7C-650F-4DB5-9DE1-DF72CC5DA9FE}.Debug|x64.ActiveCfg = Debug|ARM
		{E49EFE7C-650F-4DB5-9DE1-DF72CC5DA9FE}.Debug|x86.ActiveCfg = Debug|ARM
		{E49EFE7C-650F-4DB5-9DE1-DF72CC5DA9FE}.Release|Any CPU.ActiveCfg = Release|ARM
		{E49EFE7C-650F-4DB5-9DE1-DF72CC5DA9FE}.Release|ARM.ActiveCfg = Release|ARM
		{E49EFE7C-650F-4DB5-9DE1-DF72CC5DA9FE}.Release|ARM.Build.0 = Release|ARM
		{E49EFE7C-650F-4DB5-9DE1-DF72CC5DA9FE}.Release|x64.ActiveCfg = Release|ARM
		{E49EFE7C-650F-4DB5-9DE1-DF72CC5DA9FE}.Release|x86.ActiveCfg = Release|ARM
	EndGlobalSection
	GlobalSection(SolutionProperties) = preSolution
		HideSolutionNode = FALSE
	EndGlobalSection
	GlobalSection(ExtensibilityGlobals) = postSolution
		SolutionGuid = {C053A766-5DEE-4C53-9C29-B56D73630C0C}
	EndGlobalSection
EndGlobal
